
Microsoft Visual Studio Solution File, Format Version 12.00
# Visual Studio Version 17
VisualStudioVersion = 17.12.35527.113
MinimumVisualStudioVersion = 10.0.40219.1
Project("{FAE04EC0-301F-11D3-BF4B-00C04F79EFBC}") = "NinePay.NetCore", "NinePay.NetCore\NinePay.NetCore.csproj", "{198267E4-794E-4668-BC1E-3C6742D7EFAA}"
EndProject
Project("{FAE04EC0-301F-11D3-BF4B-00C04F79EFBC}") = "NinePay.NetCore.Web", "NinePay.NetCore.Web\NinePay.NetCore.Web.csproj", "{D3DDEA1E-AE42-4E92-B0A3-4E9B07225CB7}"
EndProject
Global
	GlobalSection(SolutionConfigurationPlatforms) = preSolution
		Debug|Any CPU = Debug|Any CPU
		Release|Any CPU = Release|Any CPU
	EndGlobalSection
	GlobalSection(ProjectConfigurationPlatforms) = postSolution
		{198267E4-794E-4668-BC1E-3C6742D7EFAA}.Debug|Any CPU.ActiveCfg = Debug|Any CPU
		{198267E4-794E-4668-BC1E-3C6742D7EFAA}.Debug|Any CPU.Build.0 = Debug|Any CPU
		{198267E4-794E-4668-BC1E-3C6742D7EFAA}.Release|Any CPU.ActiveCfg = Release|Any CPU
		{198267E4-794E-4668-BC1E-3C6742D7EFAA}.Release|Any CPU.Build.0 = Release|Any CPU
		{D3DDEA1E-AE42-4E92-B0A3-4E9B07225CB7}.Debug|Any CPU.ActiveCfg = Debug|Any CPU
		{D3DDEA1E-AE42-4E92-B0A3-4E9B07225CB7}.Debug|Any CPU.Build.0 = Debug|Any CPU
		{D3DDEA1E-AE42-4E92-B0A3-4E9B07225CB7}.Release|Any CPU.ActiveCfg = Release|Any CPU
		{D3DDEA1E-AE42-4E92-B0A3-4E9B07225CB7}.Release|Any CPU.Build.0 = Release|Any CPU
	EndGlobalSection
	GlobalSection(SolutionProperties) = preSolution
		HideSolutionNode = FALSE
	EndGlobalSection
EndGlobal
